
Microsoft Visual Studio Solution File, Format Version 12.00
Project("{FAE04EC0-301F-11D3-BF4B-00C04F79EFBC}") = "ImageEventLambda", "ImageEventLambda\src\ImageEventLambda\ImageEventLambda.csproj", "{50A22728-6C4D-42E1-AABC-BAA93C15060B}"
EndProject
Global
	GlobalSection(SolutionConfigurationPlatforms) = preSolution
		Debug|Any CPU = Debug|Any CPU
		Release|Any CPU = Release|Any CPU
	EndGlobalSection
	GlobalSection(ProjectConfigurationPlatforms) = postSolution
		{50A22728-6C4D-42E1-AABC-BAA93C15060B}.Debug|Any CPU.ActiveCfg = Debug|Any CPU
		{50A22728-6C4D-42E1-AABC-BAA93C15060B}.Debug|Any CPU.Build.0 = Debug|Any CPU
		{50A22728-6C4D-42E1-AABC-BAA93C15060B}.Release|Any CPU.ActiveCfg = Release|Any CPU
		{50A22728-6C4D-42E1-AABC-BAA93C15060B}.Release|Any CPU.Build.0 = Release|Any CPU
	EndGlobalSection
EndGlobal
